// !$*UTF8*$!
{
	archiveVersion = 1;
	classes = {
	};
	objectVersion = 46;
	objects = {

/* Begin PBXBuildFile section */
		E857BB7E1BED8BA300D2022F /* cp.cpp in Sources */ = {isa = PBXBuildFile; fileRef = E8C743C71BDEC8B200101962 /* cp.cpp */; };
		E8E0FEE81BD849CF00292C54 /* libupnp-tools-cocoa.a in Frameworks */ = {isa = PBXBuildFile; fileRef = E8E0FEE71BD849CA00292C54 /* libupnp-tools-cocoa.a */; };
/* End PBXBuildFile section */

/* Begin PBXContainerItemProxy section */
		E82789831BDD943A0009E46A /* PBXContainerItemProxy */ = {
			isa = PBXContainerItemProxy;
			containerPortal = E8E0FE781BD8482A00292C54 /* upnp-tools.xcodeproj */;
			proxyType = 1;
			remoteGlobalIDString = E8E0FEC61BD8492300292C54;
			remoteInfo = "upnp-tools cocoa";
		};
		E8E0FE7F1BD8482A00292C54 /* PBXContainerItemProxy */ = {
			isa = PBXContainerItemProxy;
			containerPortal = E8E0FE781BD8482A00292C54 /* upnp-tools.xcodeproj */;
			proxyType = 2;
			remoteGlobalIDString = E8FAB2A51BD7D8BB00E89DC5;
			remoteInfo = "upnp-tools";
		};
		E8E0FEE61BD849CA00292C54 /* PBXContainerItemProxy */ = {
			isa = PBXContainerItemProxy;
			containerPortal = E8E0FE781BD8482A00292C54 /* upnp-tools.xcodeproj */;
			proxyType = 2;
			remoteGlobalIDString = E8E0FEDE1BD8492300292C54;
			remoteInfo = "upnp-tools cocoa";
		};
/* End PBXContainerItemProxy section */

/* Begin PBXCopyFilesBuildPhase section */
		E8E0FE6C1BD8480B00292C54 /* Copy Files */ = {
			isa = PBXCopyFilesBuildPhase;
			buildActionMask = 2147483647;
			dstPath = /usr/share/man/man1/;
			dstSubfolderSpec = 0;
			files = (
			);
			name = "Copy Files";
			runOnlyForDeploymentPostprocessing = 1;
		};
/* End PBXCopyFilesBuildPhase section */

/* Begin PBXFileReference section */
		E857BB0C1BE37CE700D2022F /* cp-dev.cpp */ = {isa = PBXFileReference; fileEncoding = 4; lastKnownFileType = sourcecode.cpp.cpp; name = "cp-dev.cpp"; path = "../../../examples/cp-dev.cpp"; sourceTree = "<group>"; };
		E857BB401BEA305700D2022F /* timerTest.cpp */ = {isa = PBXFileReference; fileEncoding = 4; lastKnownFileType = sourcecode.cpp.cpp; name = timerTest.cpp; path = ../../../examples/timerTest.cpp; sourceTree = "<group>"; };
		E8C743C71BDEC8B200101962 /* cp.cpp */ = {isa = PBXFileReference; fileEncoding = 4; lastKnownFileType = sourcecode.cpp.cpp; name = cp.cpp; path = ../../../examples/cp.cpp; sourceTree = "<group>"; };
		E8E0FE6E1BD8480B00292C54 /* upnp-tools-sample */ = {isa = PBXFileReference; explicitFileType = "compiled.mach-o.executable"; includeInIndex = 0; path = "upnp-tools-sample"; sourceTree = BUILT_PRODUCTS_DIR; };
		E8E0FE711BD8480B00292C54 /* main.mm */ = {isa = PBXFileReference; lastKnownFileType = sourcecode.cpp.objcpp; path = main.mm; sourceTree = "<group>"; };
		E8E0FE781BD8482A00292C54 /* upnp-tools.xcodeproj */ = {isa = PBXFileReference; lastKnownFileType = "wrapper.pb-project"; name = "upnp-tools.xcodeproj"; path = "../upnp-tools/upnp-tools.xcodeproj"; sourceTree = "<group>"; };
/* End PBXFileReference section */

/* Begin PBXFrameworksBuildPhase section */
		E8E0FE6B1BD8480B00292C54 /* Frameworks */ = {
			isa = PBXFrameworksBuildPhase;
			buildActionMask = 2147483647;
			files = (
				E8E0FEE81BD849CF00292C54 /* libupnp-tools-cocoa.a in Frameworks */,
			);
			runOnlyForDeploymentPostprocessing = 0;
		};
/* End PBXFrameworksBuildPhase section */

/* Begin PBXGroup section */
		E8E0FE651BD8480B00292C54 = {
			isa = PBXGroup;
			children = (
				E8E0FE781BD8482A00292C54 /* upnp-tools.xcodeproj */,
				E8E0FE701BD8480B00292C54 /* upnp-tools-sample */,
				E8E0FE6F1BD8480B00292C54 /* Products */,
			);
			sourceTree = "<group>";
		};
		E8E0FE6F1BD8480B00292C54 /* Products */ = {
			isa = PBXGroup;
			children = (
				E8E0FE6E1BD8480B00292C54 /* upnp-tools-sample */,
			);
			name = Products;
			sourceTree = "<group>";
		};
		E8E0FE701BD8480B00292C54 /* upnp-tools-sample */ = {
			isa = PBXGroup;
			children = (
				E857BB0C1BE37CE700D2022F /* cp-dev.cpp */,
				E8C743C71BDEC8B200101962 /* cp.cpp */,
				E8E0FE711BD8480B00292C54 /* main.mm */,
				E857BB401BEA305700D2022F /* timerTest.cpp */,
			);
			path = "upnp-tools-sample";
			sourceTree = "<group>";
		};
		E8E0FE791BD8482A00292C54 /* Products */ = {
			isa = PBXGroup;
			children = (
				E8E0FE801BD8482A00292C54 /* libupnp-tools.a */,
				E8E0FEE71BD849CA00292C54 /* libupnp-tools-cocoa.a */,
			);
			name = Products;
			sourceTree = "<group>";
		};
/* End PBXGroup section */

/* Begin PBXNativeTarget section */
		E8E0FE6D1BD8480B00292C54 /* upnp-tools-sample */ = {
			isa = PBXNativeTarget;
			buildConfigurationList = E8E0FE751BD8480B00292C54 /* Build configuration list for PBXNativeTarget "upnp-tools-sample" */;
			buildPhases = (
				E8E0FE6A1BD8480B00292C54 /* Sources */,
				E8E0FE6B1BD8480B00292C54 /* Frameworks */,
				E8E0FE6C1BD8480B00292C54 /* Copy Files */,
			);
			buildRules = (
			);
			dependencies = (
				E82789841BDD943A0009E46A /* PBXTargetDependency */,
			);
			name = "upnp-tools-sample";
			productName = "upnp-tools-sample";
			productReference = E8E0FE6E1BD8480B00292C54 /* upnp-tools-sample */;
			productType = "com.apple.product-type.tool";
		};
/* End PBXNativeTarget section */

/* Begin PBXProject section */
		E8E0FE661BD8480B00292C54 /* Project object */ = {
			isa = PBXProject;
			attributes = {
				LastUpgradeCheck = 0700;
				ORGANIZATIONNAME = TJ;
				TargetAttributes = {
					E8E0FE6D1BD8480B00292C54 = {
						CreatedOnToolsVersion = 7.0.1;
					};
				};
			};
			buildConfigurationList = E8E0FE691BD8480B00292C54 /* Build configuration list for PBXProject "upnp-tools-sample" */;
			compatibilityVersion = "Xcode 3.2";
			developmentRegion = English;
			hasScannedForEncodings = 0;
			knownRegions = (
				en,
			);
			mainGroup = E8E0FE651BD8480B00292C54;
			productRefGroup = E8E0FE6F1BD8480B00292C54 /* Products */;
			projectDirPath = "";
			projectReferences = (
				{
					ProductGroup = E8E0FE791BD8482A00292C54 /* Products */;
					ProjectRef = E8E0FE781BD8482A00292C54 /* upnp-tools.xcodeproj */;
				},
			);
			projectRoot = "";
			targets = (
				E8E0FE6D1BD8480B00292C54 /* upnp-tools-sample */,
			);
		};
/* End PBXProject section */

/* Begin PBXReferenceProxy section */
		E8E0FE801BD8482A00292C54 /* libupnp-tools.a */ = {
			isa = PBXReferenceProxy;
			fileType = archive.ar;
			path = "libupnp-tools.a";
			remoteRef = E8E0FE7F1BD8482A00292C54 /* PBXContainerItemProxy */;
			sourceTree = BUILT_PRODUCTS_DIR;
		};
		E8E0FEE71BD849CA00292C54 /* libupnp-tools-cocoa.a */ = {
			isa = PBXReferenceProxy;
			fileType = archive.ar;
			path = "libupnp-tools-cocoa.a";
			remoteRef = E8E0FEE61BD849CA00292C54 /* PBXContainerItemProxy */;
			sourceTree = BUILT_PRODUCTS_DIR;
		};
/* End PBXReferenceProxy section */

/* Begin PBXSourcesBuildPhase section */
		E8E0FE6A1BD8480B00292C54 /* Sources */ = {
			isa = PBXSourcesBuildPhase;
			buildActionMask = 2147483647;
			files = (
				E857BB7E1BED8BA300D2022F /* cp.cpp in Sources */,
			);
			runOnlyForDeploymentPostprocessing = 0;
		};
/* End PBXSourcesBuildPhase section */

/* Begin PBXTargetDependency section */
		E82789841BDD943A0009E46A /* PBXTargetDependency */ = {
			isa = PBXTargetDependency;
			name = "upnp-tools cocoa";
			targetProxy = E82789831BDD943A0009E46A /* PBXContainerItemProxy */;
		};
/* End PBXTargetDependency section */

/* Begin XCBuildConfiguration section */
		E8E0FE731BD8480B00292C54 /* Debug */ = {
			isa = XCBuildConfiguration;
			buildSettings = {
				ALWAYS_SEARCH_USER_PATHS = NO;
				CLANG_CXX_LANGUAGE_STANDARD = "gnu++0x";
				CLANG_CXX_LIBRARY = "libc++";
				CLANG_ENABLE_MODULES = YES;
				CLANG_ENABLE_OBJC_ARC = YES;
				CLANG_WARN_BOOL_CONVERSION = YES;
				CLANG_WARN_CONSTANT_CONVERSION = YES;
				CLANG_WARN_DIRECT_OBJC_ISA_USAGE = YES_ERROR;
				CLANG_WARN_EMPTY_BODY = YES;
				CLANG_WARN_ENUM_CONVERSION = YES;
				CLANG_WARN_INT_CONVERSION = YES;
				CLANG_WARN_OBJC_ROOT_CLASS = YES_ERROR;
				CLANG_WARN_UNREACHABLE_CODE = YES;
				CLANG_WARN__DUPLICATE_METHOD_MATCH = YES;
				COPY_PHASE_STRIP = NO;
				DEBUG_INFORMATION_FORMAT = dwarf;
				ENABLE_STRICT_OBJC_MSGSEND = YES;
				ENABLE_TESTABILITY = YES;
				GCC_C_LANGUAGE_STANDARD = gnu99;
				GCC_DYNAMIC_NO_PIC = NO;
				GCC_NO_COMMON_BLOCKS = YES;
				GCC_OPTIMIZATION_LEVEL = 0;
				GCC_PREPROCESSOR_DEFINITIONS = (
					"DEBUG=1",
					"$(inherited)",
				);
				GCC_WARN_64_TO_32_BIT_CONVERSION = YES;
				GCC_WARN_ABOUT_RETURN_TYPE = YES_ERROR;
				GCC_WARN_UNDECLARED_SELECTOR = YES;
				GCC_WARN_UNINITIALIZED_AUTOS = YES_AGGRESSIVE;
				GCC_WARN_UNUSED_FUNCTION = YES;
				GCC_WARN_UNUSED_VARIABLE = YES;
				MACOSX_DEPLOYMENT_TARGET = 10.11;
				MTL_ENABLE_DEBUG_INFO = YES;
				ONLY_ACTIVE_ARCH = YES;
				SDKROOT = macosx;
			};
			name = Debug;
		};
		E8E0FE741BD8480B00292C54 /* Release */ = {
			isa = XCBuildConfiguration;
			buildSettings = {
				ALWAYS_SEARCH_USER_PATHS = NO;
				CLANG_CXX_LANGUAGE_STANDARD = "gnu++0x";
				CLANG_CXX_LIBRARY = "libc++";
				CLANG_ENABLE_MODULES = YES;
				CLANG_ENABLE_OBJC_ARC = YES;
				CLANG_WARN_BOOL_CONVERSION = YES;
				CLANG_WARN_CONSTANT_CONVERSION = YES;
				CLANG_WARN_DIRECT_OBJC_ISA_USAGE = YES_ERROR;
				CLANG_WARN_EMPTY_BODY = YES;
				CLANG_WARN_ENUM_CONVERSION = YES;
				CLANG_WARN_INT_CONVERSION = YES;
				CLANG_WARN_OBJC_ROOT_CLASS = YES_ERROR;
				CLANG_WARN_UNREACHABLE_CODE = YES;
				CLANG_WARN__DUPLICATE_METHOD_MATCH = YES;
				COPY_PHASE_STRIP = NO;
				DEBUG_INFORMATION_FORMAT = "dwarf-with-dsym";
				ENABLE_NS_ASSERTIONS = NO;
				ENABLE_STRICT_OBJC_MSGSEND = YES;
				GCC_C_LANGUAGE_STANDARD = gnu99;
				GCC_NO_COMMON_BLOCKS = YES;
				GCC_WARN_64_TO_32_BIT_CONVERSION = YES;
				GCC_WARN_ABOUT_RETURN_TYPE = YES_ERROR;
				GCC_WARN_UNDECLARED_SELECTOR = YES;
				GCC_WARN_UNINITIALIZED_AUTOS = YES_AGGRESSIVE;
				GCC_WARN_UNUSED_FUNCTION = YES;
				GCC_WARN_UNUSED_VARIABLE = YES;
				MACOSX_DEPLOYMENT_TARGET = 10.11;
				MTL_ENABLE_DEBUG_INFO = NO;
				SDKROOT = macosx;
			};
			name = Release;
		};
		E8E0FE761BD8480B00292C54 /* Debug */ = {
			isa = XCBuildConfiguration;
			buildSettings = {
				HEADER_SEARCH_PATHS = (
					../../,
					../../../oslayer,
					"../../../http-server",
				);
				PRODUCT_NAME = "$(TARGET_NAME)";
			};
			name = Debug;
		};
		E8E0FE771BD8480B00292C54 /* Release */ = {
			isa = XCBuildConfiguration;
			buildSettings = {
				HEADER_SEARCH_PATHS = (
					../../,
					../../../oslayer,
					"../../../http-server",
				);
				PRODUCT_NAME = "$(TARGET_NAME)";
			};
			name = Release;
		};
/* End XCBuildConfiguration section */

/* Begin XCConfigurationList section */
		E8E0FE691BD8480B00292C54 /* Build configuration list for PBXProject "upnp-tools-sample" */ = {
			isa = XCConfigurationList;
			buildConfigurations = (
				E8E0FE731BD8480B00292C54 /* Debug */,
				E8E0FE741BD8480B00292C54 /* Release */,
			);
			defaultConfigurationIsVisible = 0;
			defaultConfigurationName = Release;
		};
		E8E0FE751BD8480B00292C54 /* Build configuration list for PBXNativeTarget "upnp-tools-sample" */ = {
			isa = XCConfigurationList;
			buildConfigurations = (
				E8E0FE761BD8480B00292C54 /* Debug */,
				E8E0FE771BD8480B00292C54 /* Release */,
			);
			defaultConfigurationIsVisible = 0;
			defaultConfigurationName = Release;
		};
/* End XCConfigurationList section */
	};
	rootObject = E8E0FE661BD8480B00292C54 /* Project object */;
}
