<?xml version="1.0" encoding="utf-8"?>
<Project ToolsVersion="4.0" xmlns="http://schemas.microsoft.com/developer/msbuild/2003">
  <ItemGroup>
    <Filter Include="Header Files">
      <UniqueIdentifier>{93995380-89BD-4b04-88EB-625FBE52EBFB}</UniqueIdentifier>
      <Extensions>h;hpp;hxx;hm;inl;inc;xsd</Extensions>
    </Filter>
    <Filter Include="Source Files">
      <UniqueIdentifier>{4FC737F1-C7A5-4376-A066-2A32D752A2FF}</UniqueIdentifier>
      <Extensions>cpp;c;cc;cxx;def;odl;idl;hpj;bat;asm;asmx</Extensions>
    </Filter>
    <Filter Include="Resource Files">
      <UniqueIdentifier>{67DA6AB6-F800-4c08-8B7A-83BB121AAD01}</UniqueIdentifier>
      <Extensions>rc;ico;cur;bmp;dlg;rc2;rct;bin;rgs;gif;jpg;jpeg;jpe;resx;tiff;tif;png;wav;mfcribbon-ms</Extensions>
    </Filter>
  </ItemGroup>
  <ItemGroup>
    <ClCompile Include="..\libupnp-tools\SSDPServer.cpp">
      <Filter>Source Files</Filter>
    </ClCompile>
    <ClCompile Include="..\libupnp-tools\UPnPControlPoint.cpp">
      <Filter>Source Files</Filter>
    </ClCompile>
    <ClCompile Include="..\libupnp-tools\NetworkUtil.cpp">
      <Filter>Source Files</Filter>
    </ClCompile>
    <ClCompile Include="..\libupnp-tools\SSDPHeader.cpp">
      <Filter>Source Files</Filter>
    </ClCompile>
    <ClCompile Include="..\libupnp-tools\SSDPMulticastListener.cpp">
      <Filter>Source Files</Filter>
    </ClCompile>
    <ClCompile Include="..\libupnp-tools\SSDPMsearchSender.cpp">
      <Filter>Source Files</Filter>
    </ClCompile>
    <ClCompile Include="..\libupnp-tools\HttpUtils.cpp">
      <Filter>Source Files</Filter>
    </ClCompile>
    <ClCompile Include="..\libupnp-tools\NetworkStateManager.cpp">
      <Filter>Source Files</Filter>
    </ClCompile>
    <ClCompile Include="..\libupnp-tools\SSDPMulticastSender.cpp">
      <Filter>Source Files</Filter>
    </ClCompile>
    <ClCompile Include="..\libupnp-tools\UPnPActionErrorCodes.cpp">
      <Filter>Source Files</Filter>
    </ClCompile>
    <ClCompile Include="..\libupnp-tools\UPnPActionRequest.cpp">
      <Filter>Source Files</Filter>
    </ClCompile>
    <ClCompile Include="..\libupnp-tools\UPnPActionResponse.cpp">
      <Filter>Source Files</Filter>
    </ClCompile>
    <ClCompile Include="..\libupnp-tools\UPnPDeviceDeserializer.cpp">
      <Filter>Source Files</Filter>
    </ClCompile>
    <ClCompile Include="..\libupnp-tools\UPnPDeviceProfile.cpp">
      <Filter>Source Files</Filter>
    </ClCompile>
    <ClCompile Include="..\libupnp-tools\UPnPDeviceProfileBuilder.cpp">
      <Filter>Source Files</Filter>
    </ClCompile>
    <ClCompile Include="..\libupnp-tools\UPnPDeviceSerializer.cpp">
      <Filter>Source Files</Filter>
    </ClCompile>
    <ClCompile Include="..\libupnp-tools\UPnPEventSubscriber.cpp">
      <Filter>Source Files</Filter>
    </ClCompile>
    <ClCompile Include="..\libupnp-tools\UPnPEventSubscription.cpp">
      <Filter>Source Files</Filter>
    </ClCompile>
    <ClCompile Include="..\libupnp-tools\UPnPModels.cpp">
      <Filter>Source Files</Filter>
    </ClCompile>
    <ClCompile Include="..\libupnp-tools\UPnPResourceManager.cpp">
      <Filter>Source Files</Filter>
    </ClCompile>
    <ClCompile Include="..\libupnp-tools\UPnPServer.cpp">
      <Filter>Source Files</Filter>
    </ClCompile>
    <ClCompile Include="..\libupnp-tools\SharedUPnPDeviceList.cpp">
      <Filter>Source Files</Filter>
    </ClCompile>
    <ClCompile Include="..\libupnp-tools\UPnPCache.cpp">
      <Filter>Source Files</Filter>
    </ClCompile>
    <ClCompile Include="..\libupnp-tools\UPnPDebug.cpp">
      <Filter>Source Files</Filter>
    </ClCompile>
    <ClCompile Include="..\libupnp-tools\UPnPEventReceiver.cpp">
      <Filter>Source Files</Filter>
    </ClCompile>
    <ClCompile Include="..\libupnp-tools\UPnPLocationResolver.cpp">
      <Filter>Source Files</Filter>
    </ClCompile>
    <ClCompile Include="..\libupnp-tools\UPnPPropertyManager.cpp">
      <Filter>Source Files</Filter>
    </ClCompile>
    <ClCompile Include="..\libupnp-tools\UPnPSoapFormatter.cpp">
      <Filter>Source Files</Filter>
    </ClCompile>
    <ClCompile Include="..\libupnp-tools\UPnPTerms.cpp">
      <Filter>Source Files</Filter>
    </ClCompile>
  </ItemGroup>
  <ItemGroup>
    <ClInclude Include="..\libupnp-tools\SSDPServer.hpp">
      <Filter>Header Files</Filter>
    </ClInclude>
    <ClInclude Include="..\libupnp-tools\UPnPControlPoint.hpp">
      <Filter>Header Files</Filter>
    </ClInclude>
    <ClInclude Include="..\libupnp-tools\SSDPHeader.hpp">
      <Filter>Header Files</Filter>
    </ClInclude>
    <ClInclude Include="..\libupnp-tools\SSDPMulticastListener.hpp">
      <Filter>Header Files</Filter>
    </ClInclude>
    <ClInclude Include="..\libupnp-tools\SSDPMsearchSender.hpp">
      <Filter>Header Files</Filter>
    </ClInclude>
    <ClInclude Include="..\libupnp-tools\HttpUtils.hpp">
      <Filter>Header Files</Filter>
    </ClInclude>
    <ClInclude Include="..\libupnp-tools\NetworkUtil.hpp">
      <Filter>Header Files</Filter>
    </ClInclude>
    <ClInclude Include="..\libupnp-tools\SSDPEventHandler.hpp">
      <Filter>Header Files</Filter>
    </ClInclude>
    <ClInclude Include="..\libupnp-tools\UPnPActionInvoker.hpp">
      <Filter>Header Files</Filter>
    </ClInclude>
    <ClInclude Include="..\libupnp-tools\UPnPModels.hpp">
      <Filter>Header Files</Filter>
    </ClInclude>
    <ClInclude Include="..\libupnp-tools\XmlUtils.hpp">
      <Filter>Header Files</Filter>
    </ClInclude>
    <ClInclude Include="..\libupnp-tools\NetworkStateManager.hpp">
      <Filter>Header Files</Filter>
    </ClInclude>
    <ClInclude Include="..\libupnp-tools\SSDPMulticastSender.hpp">
      <Filter>Header Files</Filter>
    </ClInclude>
    <ClInclude Include="..\libupnp-tools\UPnPActionErrorCodes.hpp">
      <Filter>Header Files</Filter>
    </ClInclude>
    <ClInclude Include="..\libupnp-tools\UPnPActionHandler.hpp">
      <Filter>Header Files</Filter>
    </ClInclude>
    <ClInclude Include="..\libupnp-tools\UPnPActionRequest.hpp">
      <Filter>Header Files</Filter>
    </ClInclude>
    <ClInclude Include="..\libupnp-tools\UPnPActionResponse.hpp">
      <Filter>Header Files</Filter>
    </ClInclude>
    <ClInclude Include="..\libupnp-tools\UPnPDeviceDeserializer.hpp">
      <Filter>Header Files</Filter>
    </ClInclude>
    <ClInclude Include="..\libupnp-tools\UPnPDeviceProfile.hpp">
      <Filter>Header Files</Filter>
    </ClInclude>
    <ClInclude Include="..\libupnp-tools\UPnPDeviceProfileBuilder.hpp">
      <Filter>Header Files</Filter>
    </ClInclude>
    <ClInclude Include="..\libupnp-tools\UPnPDeviceSerializer.hpp">
      <Filter>Header Files</Filter>
    </ClInclude>
    <ClInclude Include="..\libupnp-tools\UPnPEventSubscriber.hpp">
      <Filter>Header Files</Filter>
    </ClInclude>
    <ClInclude Include="..\libupnp-tools\UPnPEventSubscription.hpp">
      <Filter>Header Files</Filter>
    </ClInclude>
    <ClInclude Include="..\libupnp-tools\UPnPResourceManager.hpp">
      <Filter>Header Files</Filter>
    </ClInclude>
    <ClInclude Include="..\libupnp-tools\UPnPServer.hpp">
      <Filter>Header Files</Filter>
    </ClInclude>
    <ClInclude Include="..\libupnp-tools\UPnPServiceProfile.hpp">
      <Filter>Header Files</Filter>
    </ClInclude>
    <ClInclude Include="..\libupnp-tools\SharedUPnPDeviceList.hpp">
      <Filter>Header Files</Filter>
    </ClInclude>
    <ClInclude Include="..\libupnp-tools\SSDPEventListener.hpp">
      <Filter>Header Files</Filter>
    </ClInclude>
    <ClInclude Include="..\libupnp-tools\UPnPActionRequestHandler.hpp">
      <Filter>Header Files</Filter>
    </ClInclude>
    <ClInclude Include="..\libupnp-tools\UPnPCache.hpp">
      <Filter>Header Files</Filter>
    </ClInclude>
    <ClInclude Include="..\libupnp-tools\UPnPDebug.hpp">
      <Filter>Header Files</Filter>
    </ClInclude>
    <ClInclude Include="..\libupnp-tools\UPnPEventReceiver.hpp">
      <Filter>Header Files</Filter>
    </ClInclude>
    <ClInclude Include="..\libupnp-tools\UPnPExceptions.hpp">
      <Filter>Header Files</Filter>
    </ClInclude>
    <ClInclude Include="..\libupnp-tools\UPnPLocationResolver.hpp">
      <Filter>Header Files</Filter>
    </ClInclude>
    <ClInclude Include="..\libupnp-tools\UPnPPropertyManager.hpp">
      <Filter>Header Files</Filter>
    </ClInclude>
    <ClInclude Include="..\libupnp-tools\UPnPSoapException.hpp">
      <Filter>Header Files</Filter>
    </ClInclude>
    <ClInclude Include="..\libupnp-tools\UPnPSoapFormatter.hpp">
      <Filter>Header Files</Filter>
    </ClInclude>
    <ClInclude Include="..\libupnp-tools\UPnPTerms.hpp">
      <Filter>Header Files</Filter>
    </ClInclude>
  </ItemGroup>
</Project>