
Microsoft Visual Studio Solution File, Format Version 11.00
# Visual Studio 2010
Project("{8BC9CEB8-8B4A-11D0-8D11-00A0C91BC942}") = "upnp-tools", "upnp-tools.vcxproj", "{A97BFF5C-B08C-40BD-8243-D21270563918}"
	ProjectSection(ProjectDependencies) = postProject
		{A86AEA6E-750B-7C94-4188-77B9D2FCD973} = {A86AEA6E-750B-7C94-4188-77B9D2FCD973}
	EndProjectSection
EndProject
Project("{8BC9CEB8-8B4A-11D0-8D11-00A0C91BC942}") = "oslayer", "..\..\oslayer\win32\oslayer.vcxproj", "{62F62888-B617-D1C5-DD02-0CC27E78A455}"
EndProject
Project("{8BC9CEB8-8B4A-11D0-8D11-00A0C91BC942}") = "http-server", "..\..\http-server\win32\http-server.vcxproj", "{A86AEA6E-750B-7C94-4188-77B9D2FCD973}"
EndProject
Global
	GlobalSection(SolutionConfigurationPlatforms) = preSolution
		Debug|Win32 = Debug|Win32
		Release|Win32 = Release|Win32
	EndGlobalSection
	GlobalSection(ProjectConfigurationPlatforms) = postSolution
		{A97BFF5C-B08C-40BD-8243-D21270563918}.Debug|Win32.ActiveCfg = Debug|Win32
		{A97BFF5C-B08C-40BD-8243-D21270563918}.Debug|Win32.Build.0 = Debug|Win32
		{A97BFF5C-B08C-40BD-8243-D21270563918}.Release|Win32.ActiveCfg = Release|Win32
		{A97BFF5C-B08C-40BD-8243-D21270563918}.Release|Win32.Build.0 = Release|Win32
		{62F62888-B617-D1C5-DD02-0CC27E78A455}.Debug|Win32.ActiveCfg = Debug|Win32
		{62F62888-B617-D1C5-DD02-0CC27E78A455}.Debug|Win32.Build.0 = Debug|Win32
		{62F62888-B617-D1C5-DD02-0CC27E78A455}.Release|Win32.ActiveCfg = Release|Win32
		{62F62888-B617-D1C5-DD02-0CC27E78A455}.Release|Win32.Build.0 = Release|Win32
		{A86AEA6E-750B-7C94-4188-77B9D2FCD973}.Debug|Win32.ActiveCfg = Debug|Win32
		{A86AEA6E-750B-7C94-4188-77B9D2FCD973}.Debug|Win32.Build.0 = Debug|Win32
		{A86AEA6E-750B-7C94-4188-77B9D2FCD973}.Release|Win32.ActiveCfg = Release|Win32
		{A86AEA6E-750B-7C94-4188-77B9D2FCD973}.Release|Win32.Build.0 = Release|Win32
	EndGlobalSection
	GlobalSection(SolutionProperties) = preSolution
		HideSolutionNode = FALSE
	EndGlobalSection
EndGlobal
